
Microsoft Visual Studio Solution File, Format Version 12.00
# Visual Studio Version 17
VisualStudioVersion = 17.5.33516.290
MinimumVisualStudioVersion = 10.0.40219.1
Project("{2150E333-8FDC-42A3-9474-1A3956D46DE8}") = "Plugins", "Plugins", "{65BF0E6B-428A-4E8C-85DF-036490E44C69}"
EndProject
Project("{FAE04EC0-301F-11D3-BF4B-00C04F79EFBC}") = "SerialIO", "Plugins\SerialIO\SerialIO.csproj", "{1596972E-A910-40DA-B3ED-B7A76124881C}"
EndProject
Project("{FAE04EC0-301F-11D3-BF4B-00C04F79EFBC}") = "SerialPort", "Plugins\SerialPort\SerialPort.csproj", "{DEC64FA1-8D2F-453D-824D-186A4E341729}"
EndProject
Project("{FAE04EC0-301F-11D3-BF4B-00C04F79EFBC}") = "THICCApp", "THICCApp\THICCApp.csproj", "{4F37596E-AD48-421B-ADD4-8C4EC9C5E105}"
EndProject
Global
	GlobalSection(SolutionConfigurationPlatforms) = preSolution
		Debug|Any CPU = Debug|Any CPU
		Debug|iPhone = Debug|iPhone
		Debug|iPhoneSimulator = Debug|iPhoneSimulator
		Release|Any CPU = Release|Any CPU
		Release|iPhone = Release|iPhone
		Release|iPhoneSimulator = Release|iPhoneSimulator
	EndGlobalSection
	GlobalSection(ProjectConfigurationPlatforms) = postSolution
		{1596972E-A910-40DA-B3ED-B7A76124881C}.Debug|Any CPU.ActiveCfg = Debug|Any CPU
		{1596972E-A910-40DA-B3ED-B7A76124881C}.Debug|Any CPU.Build.0 = Debug|Any CPU
		{1596972E-A910-40DA-B3ED-B7A76124881C}.Debug|iPhone.ActiveCfg = Debug|Any CPU
		{1596972E-A910-40DA-B3ED-B7A76124881C}.Debug|iPhone.Build.0 = Debug|Any CPU
		{1596972E-A910-40DA-B3ED-B7A76124881C}.Debug|iPhoneSimulator.ActiveCfg = Debug|Any CPU
		{1596972E-A910-40DA-B3ED-B7A76124881C}.Debug|iPhoneSimulator.Build.0 = Debug|Any CPU
		{1596972E-A910-40DA-B3ED-B7A76124881C}.Release|Any CPU.ActiveCfg = Release|Any CPU
		{1596972E-A910-40DA-B3ED-B7A76124881C}.Release|Any CPU.Build.0 = Release|Any CPU
		{1596972E-A910-40DA-B3ED-B7A76124881C}.Release|iPhone.ActiveCfg = Release|Any CPU
		{1596972E-A910-40DA-B3ED-B7A76124881C}.Release|iPhone.Build.0 = Release|Any CPU
		{1596972E-A910-40DA-B3ED-B7A76124881C}.Release|iPhoneSimulator.ActiveCfg = Release|Any CPU
		{1596972E-A910-40DA-B3ED-B7A76124881C}.Release|iPhoneSimulator.Build.0 = Release|Any CPU
		{DEC64FA1-8D2F-453D-824D-186A4E341729}.Debug|Any CPU.ActiveCfg = Debug|Any CPU
		{DEC64FA1-8D2F-453D-824D-186A4E341729}.Debug|Any CPU.Build.0 = Debug|Any CPU
		{DEC64FA1-8D2F-453D-824D-186A4E341729}.Debug|iPhone.ActiveCfg = Debug|Any CPU
		{DEC64FA1-8D2F-453D-824D-186A4E341729}.Debug|iPhone.Build.0 = Debug|Any CPU
		{DEC64FA1-8D2F-453D-824D-186A4E341729}.Debug|iPhoneSimulator.ActiveCfg = Debug|Any CPU
		{DEC64FA1-8D2F-453D-824D-186A4E341729}.Debug|iPhoneSimulator.Build.0 = Debug|Any CPU
		{DEC64FA1-8D2F-453D-824D-186A4E341729}.Release|Any CPU.ActiveCfg = Release|Any CPU
		{DEC64FA1-8D2F-453D-824D-186A4E341729}.Release|Any CPU.Build.0 = Release|Any CPU
		{DEC64FA1-8D2F-453D-824D-186A4E341729}.Release|iPhone.ActiveCfg = Release|Any CPU
		{DEC64FA1-8D2F-453D-824D-186A4E341729}.Release|iPhone.Build.0 = Release|Any CPU
		{DEC64FA1-8D2F-453D-824D-186A4E341729}.Release|iPhoneSimulator.ActiveCfg = Release|Any CPU
		{DEC64FA1-8D2F-453D-824D-186A4E341729}.Release|iPhoneSimulator.Build.0 = Release|Any CPU
		{4F37596E-AD48-421B-ADD4-8C4EC9C5E105}.Debug|Any CPU.ActiveCfg = Debug|Any CPU
		{4F37596E-AD48-421B-ADD4-8C4EC9C5E105}.Debug|Any CPU.Build.0 = Debug|Any CPU
		{4F37596E-AD48-421B-ADD4-8C4EC9C5E105}.Debug|Any CPU.Deploy.0 = Debug|Any CPU
		{4F37596E-AD48-421B-ADD4-8C4EC9C5E105}.Debug|iPhone.ActiveCfg = Debug|Any CPU
		{4F37596E-AD48-421B-ADD4-8C4EC9C5E105}.Debug|iPhone.Build.0 = Debug|Any CPU
		{4F37596E-AD48-421B-ADD4-8C4EC9C5E105}.Debug|iPhone.Deploy.0 = Debug|Any CPU
		{4F37596E-AD48-421B-ADD4-8C4EC9C5E105}.Debug|iPhoneSimulator.ActiveCfg = Debug|Any CPU
		{4F37596E-AD48-421B-ADD4-8C4EC9C5E105}.Debug|iPhoneSimulator.Build.0 = Debug|Any CPU
		{4F37596E-AD48-421B-ADD4-8C4EC9C5E105}.Debug|iPhoneSimulator.Deploy.0 = Debug|Any CPU
		{4F37596E-AD48-421B-ADD4-8C4EC9C5E105}.Release|Any CPU.ActiveCfg = Release|Any CPU
		{4F37596E-AD48-421B-ADD4-8C4EC9C5E105}.Release|Any CPU.Build.0 = Release|Any CPU
		{4F37596E-AD48-421B-ADD4-8C4EC9C5E105}.Release|Any CPU.Deploy.0 = Release|Any CPU
		{4F37596E-AD48-421B-ADD4-8C4EC9C5E105}.Release|iPhone.ActiveCfg = Release|Any CPU
		{4F37596E-AD48-421B-ADD4-8C4EC9C5E105}.Release|iPhone.Build.0 = Release|Any CPU
		{4F37596E-AD48-421B-ADD4-8C4EC9C5E105}.Release|iPhone.Deploy.0 = Release|Any CPU
		{4F37596E-AD48-421B-ADD4-8C4EC9C5E105}.Release|iPhoneSimulator.ActiveCfg = Release|Any CPU
		{4F37596E-AD48-421B-ADD4-8C4EC9C5E105}.Release|iPhoneSimulator.Build.0 = Release|Any CPU
		{4F37596E-AD48-421B-ADD4-8C4EC9C5E105}.Release|iPhoneSimulator.Deploy.0 = Release|Any CPU
	EndGlobalSection
	GlobalSection(SolutionProperties) = preSolution
		HideSolutionNode = FALSE
	EndGlobalSection
	GlobalSection(NestedProjects) = preSolution
		{1596972E-A910-40DA-B3ED-B7A76124881C} = {65BF0E6B-428A-4E8C-85DF-036490E44C69}
		{DEC64FA1-8D2F-453D-824D-186A4E341729} = {65BF0E6B-428A-4E8C-85DF-036490E44C69}
	EndGlobalSection
	GlobalSection(ExtensibilityGlobals) = postSolution
		SolutionGuid = {876146BF-7029-490C-8E16-9904DA9AC027}
	EndGlobalSection
EndGlobal
